
Microsoft Visual Studio Solution File, Format Version 12.00
# Visual Studio Version 17
VisualStudioVersion = 17.14.36623.8 d17.14
MinimumVisualStudioVersion = 10.0.40219.1
Project("{8BC9CEB8-8B4A-11D0-8D11-00A0C91BC942}") = "Action2D", "Action2D.vcxproj", "{42201E6D-42F2-420B-B614-ACC91157DFCB}"
EndProject
Global
	GlobalSection(SolutionConfigurationPlatforms) = preSolution
		Debug|x64 = Debug|x64
		Debug|x86 = Debug|x86
		Release|x64 = Release|x64
		Release|x86 = Release|x86
	EndGlobalSection
	GlobalSection(ProjectConfigurationPlatforms) = postSolution
		{42201E6D-42F2-420B-B614-ACC91157DFCB}.Debug|x64.ActiveCfg = Debug|x64
		{42201E6D-42F2-420B-B614-ACC91157DFCB}.Debug|x64.Build.0 = Debug|x64
		{42201E6D-42F2-420B-B614-ACC91157DFCB}.Debug|x86.ActiveCfg = Debug|Win32
		{42201E6D-42F2-420B-B614-ACC91157DFCB}.Debug|x86.Build.0 = Debug|Win32
		{42201E6D-42F2-420B-B614-ACC91157DFCB}.Release|x64.ActiveCfg = Release|x64
		{42201E6D-42F2-420B-B614-ACC91157DFCB}.Release|x64.Build.0 = Release|x64
		{42201E6D-42F2-420B-B614-ACC91157DFCB}.Release|x86.ActiveCfg = Release|Win32
		{42201E6D-42F2-420B-B614-ACC91157DFCB}.Release|x86.Build.0 = Release|Win32
	EndGlobalSection
	GlobalSection(SolutionProperties) = preSolution
		HideSolutionNode = FALSE
	EndGlobalSection
	GlobalSection(ExtensibilityGlobals) = postSolution
		SolutionGuid = {5773B686-139D-4D45-9133-DBDB01D103F8}
	EndGlobalSection
EndGlobal
